
Microsoft Visual Studio Solution File, Format Version 12.00
# Visual Studio Version 16
VisualStudioVersion = 16.0.32901.82
MinimumVisualStudioVersion = 10.0.40219.1
Project("{FAE04EC0-301F-11D3-BF4B-00C04F79EFBC}") = "clockIn_forms", "clockIn_forms.csproj", "{233B680F-DDAC-4031-B4CD-2909395D2FCC}"
EndProject
Global
	GlobalSection(SolutionConfigurationPlatforms) = preSolution
		Debug|Any CPU = Debug|Any CPU
		Release|Any CPU = Release|Any CPU
	EndGlobalSection
	GlobalSection(ProjectConfigurationPlatforms) = postSolution
		{233B680F-DDAC-4031-B4CD-2909395D2FCC}.Debug|Any CPU.ActiveCfg = Debug|Any CPU
		{233B680F-DDAC-4031-B4CD-2909395D2FCC}.Debug|Any CPU.Build.0 = Debug|Any CPU
		{233B680F-DDAC-4031-B4CD-2909395D2FCC}.Release|Any CPU.ActiveCfg = Release|Any CPU
		{233B680F-DDAC-4031-B4CD-2909395D2FCC}.Release|Any CPU.Build.0 = Release|Any CPU
	EndGlobalSection
	GlobalSection(SolutionProperties) = preSolution
		HideSolutionNode = FALSE
	EndGlobalSection
	GlobalSection(ExtensibilityGlobals) = postSolution
		SolutionGuid = {E921845C-20AC-4D13-A294-679A8B7103DD}
	EndGlobalSection
EndGlobal
